
Microsoft Visual Studio Solution File, Format Version 12.00
# Visual Studio Version 17
VisualStudioVersion = 17.5.33530.505
MinimumVisualStudioVersion = 10.0.40219.1
Project("{FAE04EC0-301F-11D3-BF4B-00C04F79EFBC}") = "OOP", "OOP.csproj", "{CE5516DC-4B97-439F-9269-E094B18D634E}"
EndProject
Project("{FAE04EC0-301F-11D3-BF4B-00C04F79EFBC}") = "kalitimOdev", "..\kalitimOdev\kalitimOdev.csproj", "{74579915-8D8F-41B4-A1E6-8F04A1EBB8BA}"
EndProject
Global
	GlobalSection(SolutionConfigurationPlatforms) = preSolution
		Debug|Any CPU = Debug|Any CPU
		Release|Any CPU = Release|Any CPU
	EndGlobalSection
	GlobalSection(ProjectConfigurationPlatforms) = postSolution
		{CE5516DC-4B97-439F-9269-E094B18D634E}.Debug|Any CPU.ActiveCfg = Debug|Any CPU
		{CE5516DC-4B97-439F-9269-E094B18D634E}.Debug|Any CPU.Build.0 = Debug|Any CPU
		{CE5516DC-4B97-439F-9269-E094B18D634E}.Release|Any CPU.ActiveCfg = Release|Any CPU
		{CE5516DC-4B97-439F-9269-E094B18D634E}.Release|Any CPU.Build.0 = Release|Any CPU
		{74579915-8D8F-41B4-A1E6-8F04A1EBB8BA}.Debug|Any CPU.ActiveCfg = Debug|Any CPU
		{74579915-8D8F-41B4-A1E6-8F04A1EBB8BA}.Debug|Any CPU.Build.0 = Debug|Any CPU
		{74579915-8D8F-41B4-A1E6-8F04A1EBB8BA}.Release|Any CPU.ActiveCfg = Release|Any CPU
		{74579915-8D8F-41B4-A1E6-8F04A1EBB8BA}.Release|Any CPU.Build.0 = Release|Any CPU
	EndGlobalSection
	GlobalSection(SolutionProperties) = preSolution
		HideSolutionNode = FALSE
	EndGlobalSection
	GlobalSection(ExtensibilityGlobals) = postSolution
		SolutionGuid = {8B07C45D-5DDE-4C3C-B0BA-9D939F6AAF0A}
	EndGlobalSection
EndGlobal
